
Microsoft Visual Studio Solution File, Format Version 12.00
# Visual Studio Version 17
VisualStudioVersion = 17.6.33829.357
MinimumVisualStudioVersion = 10.0.40219.1
Project("{9A19103F-16F7-4668-BE54-9A1E7A4F7556}") = "Solitaire-Trendy-WPF", "Solitaire-Trendy-WPF.csproj", "{A1C2F676-8417-407F-A3E0-C566228DB003}"
EndProject
Project("{9A19103F-16F7-4668-BE54-9A1E7A4F7556}") = "Solitaire-Treandy-Test", "..\Solitaire-Treandy-Test\Solitaire-Treandy-Test.csproj", "{0096896E-2747-4369-BEE0-B0E2124DDAF6}"
EndProject
Project("{FAE04EC0-301F-11D3-BF4B-00C04F79EFBC}") = "Solitaire-Trendy-Lib", "..\Solitaire-Trendy-Lib\Solitaire-Trendy-Lib.csproj", "{CDB81D57-5C66-46A3-8884-C8E5B600D076}"
EndProject
Global
	GlobalSection(SolutionConfigurationPlatforms) = preSolution
		Debug|Any CPU = Debug|Any CPU
		Release|Any CPU = Release|Any CPU
	EndGlobalSection
	GlobalSection(ProjectConfigurationPlatforms) = postSolution
		{A1C2F676-8417-407F-A3E0-C566228DB003}.Debug|Any CPU.ActiveCfg = Debug|Any CPU
		{A1C2F676-8417-407F-A3E0-C566228DB003}.Debug|Any CPU.Build.0 = Debug|Any CPU
		{A1C2F676-8417-407F-A3E0-C566228DB003}.Release|Any CPU.ActiveCfg = Release|Any CPU
		{A1C2F676-8417-407F-A3E0-C566228DB003}.Release|Any CPU.Build.0 = Release|Any CPU
		{0096896E-2747-4369-BEE0-B0E2124DDAF6}.Debug|Any CPU.ActiveCfg = Debug|Any CPU
		{0096896E-2747-4369-BEE0-B0E2124DDAF6}.Debug|Any CPU.Build.0 = Debug|Any CPU
		{0096896E-2747-4369-BEE0-B0E2124DDAF6}.Release|Any CPU.ActiveCfg = Release|Any CPU
		{0096896E-2747-4369-BEE0-B0E2124DDAF6}.Release|Any CPU.Build.0 = Release|Any CPU
		{CDB81D57-5C66-46A3-8884-C8E5B600D076}.Debug|Any CPU.ActiveCfg = Debug|Any CPU
		{CDB81D57-5C66-46A3-8884-C8E5B600D076}.Debug|Any CPU.Build.0 = Debug|Any CPU
		{CDB81D57-5C66-46A3-8884-C8E5B600D076}.Release|Any CPU.ActiveCfg = Release|Any CPU
		{CDB81D57-5C66-46A3-8884-C8E5B600D076}.Release|Any CPU.Build.0 = Release|Any CPU
	EndGlobalSection
	GlobalSection(SolutionProperties) = preSolution
		HideSolutionNode = FALSE
	EndGlobalSection
	GlobalSection(ExtensibilityGlobals) = postSolution
		SolutionGuid = {B3504D4E-88D6-481E-846C-A66BFEC34E90}
	EndGlobalSection
EndGlobal
